
Microsoft Visual Studio Solution File, Format Version 12.00
# Visual Studio Version 16
VisualStudioVersion = 16.0.30717.126
MinimumVisualStudioVersion = 10.0.40219.1
Project("{FAE04EC0-301F-11D3-BF4B-00C04F79EFBC}") = "Practica2020", "Practica2020\Practica2020.csproj", "{1CD1FB1B-E95E-4F21-AB95-598AF2454DAF}"
EndProject
Global
	GlobalSection(SolutionConfigurationPlatforms) = preSolution
		Debug|Any CPU = Debug|Any CPU
		Release|Any CPU = Release|Any CPU
	EndGlobalSection
	GlobalSection(ProjectConfigurationPlatforms) = postSolution
		{1CD1FB1B-E95E-4F21-AB95-598AF2454DAF}.Debug|Any CPU.ActiveCfg = Debug|Any CPU
		{1CD1FB1B-E95E-4F21-AB95-598AF2454DAF}.Debug|Any CPU.Build.0 = Debug|Any CPU
		{1CD1FB1B-E95E-4F21-AB95-598AF2454DAF}.Release|Any CPU.ActiveCfg = Release|Any CPU
		{1CD1FB1B-E95E-4F21-AB95-598AF2454DAF}.Release|Any CPU.Build.0 = Release|Any CPU
	EndGlobalSection
	GlobalSection(SolutionProperties) = preSolution
		HideSolutionNode = FALSE
	EndGlobalSection
	GlobalSection(ExtensibilityGlobals) = postSolution
		SolutionGuid = {AB6F40E5-4B25-489E-931A-D2BE3F786F95}
	EndGlobalSection
EndGlobal
